// !$*UTF8*$!
{
	archiveVersion = 1;
	classes = {
	};
	objectVersion = 50;
	objects = {

/* Begin PBXBuildFile section */
		6FB42AC820CAE116001289F0 /* AppDelegate.swift in Sources */ = {isa = PBXBuildFile; fileRef = 6FB42AC720CAE116001289F0 /* AppDelegate.swift */; };
		6FB42ACA20CAE116001289F0 /* SetViewController.swift in Sources */ = {isa = PBXBuildFile; fileRef = 6FB42AC920CAE116001289F0 /* SetViewController.swift */; };
		6FB42ACD20CAE116001289F0 /* Main.storyboard in Resources */ = {isa = PBXBuildFile; fileRef = 6FB42ACB20CAE116001289F0 /* Main.storyboard */; };
		6FB42ACF20CAE118001289F0 /* Assets.xcassets in Resources */ = {isa = PBXBuildFile; fileRef = 6FB42ACE20CAE118001289F0 /* Assets.xcassets */; };
		6FB42AD220CAE118001289F0 /* LaunchScreen.storyboard in Resources */ = {isa = PBXBuildFile; fileRef = 6FB42AD020CAE118001289F0 /* LaunchScreen.storyboard */; };
		6FC0952020CAE4E800B8C6E4 /* SetCard.swift in Sources */ = {isa = PBXBuildFile; fileRef = 6FC0951F20CAE4E800B8C6E4 /* SetCard.swift */; };
		6FC0952220CAEC7400B8C6E4 /* Default-568h@2x.png in Resources */ = {isa = PBXBuildFile; fileRef = 6FC0952120CAEC7400B8C6E4 /* Default-568h@2x.png */; };
		6FC0952420CAECAE00B8C6E4 /* SetCardGame.swift in Sources */ = {isa = PBXBuildFile; fileRef = 6FC0952320CAECAE00B8C6E4 /* SetCardGame.swift */; };
		6FFE643220EFC17D00C53349 /* Grid.swift in Sources */ = {isa = PBXBuildFile; fileRef = 6FFE643120EFC17D00C53349 /* Grid.swift */; };
		6FFE643420EFC21200C53349 /* CardView.swift in Sources */ = {isa = PBXBuildFile; fileRef = 6FFE643320EFC21200C53349 /* CardView.swift */; };
/* End PBXBuildFile section */

/* Begin PBXFileReference section */
		6FB42AC420CAE116001289F0 /* Set.app */ = {isa = PBXFileReference; explicitFileType = wrapper.application; includeInIndex = 0; path = Set.app; sourceTree = BUILT_PRODUCTS_DIR; };
		6FB42AC720CAE116001289F0 /* AppDelegate.swift */ = {isa = PBXFileReference; lastKnownFileType = sourcecode.swift; path = AppDelegate.swift; sourceTree = "<group>"; };
		6FB42AC920CAE116001289F0 /* SetViewController.swift */ = {isa = PBXFileReference; lastKnownFileType = sourcecode.swift; path = SetViewController.swift; sourceTree = "<group>"; };
		6FB42ACC20CAE116001289F0 /* Base */ = {isa = PBXFileReference; lastKnownFileType = file.storyboard; name = Base; path = Base.lproj/Main.storyboard; sourceTree = "<group>"; };
		6FB42ACE20CAE118001289F0 /* Assets.xcassets */ = {isa = PBXFileReference; lastKnownFileType = folder.assetcatalog; path = Assets.xcassets; sourceTree = "<group>"; };
		6FB42AD120CAE118001289F0 /* Base */ = {isa = PBXFileReference; lastKnownFileType = file.storyboard; name = Base; path = Base.lproj/LaunchScreen.storyboard; sourceTree = "<group>"; };
		6FB42AD320CAE118001289F0 /* Info.plist */ = {isa = PBXFileReference; lastKnownFileType = text.plist.xml; path = Info.plist; sourceTree = "<group>"; };
		6FC0951F20CAE4E800B8C6E4 /* SetCard.swift */ = {isa = PBXFileReference; lastKnownFileType = sourcecode.swift; path = SetCard.swift; sourceTree = "<group>"; };
		6FC0952120CAEC7400B8C6E4 /* Default-568h@2x.png */ = {isa = PBXFileReference; lastKnownFileType = image.png; path = "Default-568h@2x.png"; sourceTree = "<group>"; };
		6FC0952320CAECAE00B8C6E4 /* SetCardGame.swift */ = {isa = PBXFileReference; lastKnownFileType = sourcecode.swift; path = SetCardGame.swift; sourceTree = "<group>"; };
		6FFE643120EFC17D00C53349 /* Grid.swift */ = {isa = PBXFileReference; lastKnownFileType = sourcecode.swift; name = Grid.swift; path = /Users/bernhard/Developer/Set/Set/Set/Grid.swift; sourceTree = "<absolute>"; };
		6FFE643320EFC21200C53349 /* CardView.swift */ = {isa = PBXFileReference; lastKnownFileType = sourcecode.swift; name = CardView.swift; path = /Users/bernhard/Developer/Set/Set/Set/CardView.swift; sourceTree = "<absolute>"; };
/* End PBXFileReference section */

/* Begin PBXFrameworksBuildPhase section */
		6FB42AC120CAE116001289F0 /* Frameworks */ = {
			isa = PBXFrameworksBuildPhase;
			buildActionMask = 2147483647;
			files = (
			);
			runOnlyForDeploymentPostprocessing = 0;
		};
/* End PBXFrameworksBuildPhase section */

/* Begin PBXGroup section */
		6FB42ABB20CAE116001289F0 = {
			isa = PBXGroup;
			children = (
				6FC0952120CAEC7400B8C6E4 /* Default-568h@2x.png */,
				6FB42AC620CAE116001289F0 /* Set */,
				6FB42AC520CAE116001289F0 /* Products */,
			);
			sourceTree = "<group>";
		};
		6FB42AC520CAE116001289F0 /* Products */ = {
			isa = PBXGroup;
			children = (
				6FB42AC420CAE116001289F0 /* Set.app */,
			);
			name = Products;
			sourceTree = "<group>";
		};
		6FB42AC620CAE116001289F0 /* Set */ = {
			isa = PBXGroup;
			children = (
				6FFE643320EFC21200C53349 /* CardView.swift */,
				6FFE643120EFC17D00C53349 /* Grid.swift */,
				6FC0951F20CAE4E800B8C6E4 /* SetCard.swift */,
				6FC0952320CAECAE00B8C6E4 /* SetCardGame.swift */,
				6FB42AC920CAE116001289F0 /* SetViewController.swift */,
				6FB42ACB20CAE116001289F0 /* Main.storyboard */,
				6FB42AD320CAE118001289F0 /* Info.plist */,
				6FC0951E20CAE37700B8C6E4 /* Supporting files */,
			);
			path = Set;
			sourceTree = "<group>";
		};
		6FC0951E20CAE37700B8C6E4 /* Supporting files */ = {
			isa = PBXGroup;
			children = (
				6FB42AD020CAE118001289F0 /* LaunchScreen.storyboard */,
				6FB42ACE20CAE118001289F0 /* Assets.xcassets */,
				6FB42AC720CAE116001289F0 /* AppDelegate.swift */,
			);
			path = "Supporting files";
			sourceTree = "<group>";
		};
/* End PBXGroup section */

/* Begin PBXNativeTarget section */
		6FB42AC320CAE116001289F0 /* Set */ = {
			isa = PBXNativeTarget;
			buildConfigurationList = 6FB42AD620CAE118001289F0 /* Build configuration list for PBXNativeTarget "Set" */;
			buildPhases = (
				6FB42AC020CAE116001289F0 /* Sources */,
				6FB42AC120CAE116001289F0 /* Frameworks */,
				6FB42AC220CAE116001289F0 /* Resources */,
			);
			buildRules = (
			);
			dependencies = (
			);
			name = Set;
			productName = Set;
			productReference = 6FB42AC420CAE116001289F0 /* Set.app */;
			productType = "com.apple.product-type.application";
		};
/* End PBXNativeTarget section */

/* Begin PBXProject section */
		6FB42ABC20CAE116001289F0 /* Project object */ = {
			isa = PBXProject;
			attributes = {
				LastSwiftUpdateCheck = 0940;
				LastUpgradeCheck = 0940;
				ORGANIZATIONNAME = "Bernhard F. Kraft";
				TargetAttributes = {
					6FB42AC320CAE116001289F0 = {
						CreatedOnToolsVersion = 9.4;
						LastSwiftMigration = 1000;
					};
				};
			};
			buildConfigurationList = 6FB42ABF20CAE116001289F0 /* Build configuration list for PBXProject "Set" */;
			compatibilityVersion = "Xcode 9.3";
			developmentRegion = en;
			hasScannedForEncodings = 0;
			knownRegions = (
				en,
				Base,
			);
			mainGroup = 6FB42ABB20CAE116001289F0;
			productRefGroup = 6FB42AC520CAE116001289F0 /* Products */;
			projectDirPath = "";
			projectRoot = "";
			targets = (
				6FB42AC320CAE116001289F0 /* Set */,
			);
		};
/* End PBXProject section */

/* Begin PBXResourcesBuildPhase section */
		6FB42AC220CAE116001289F0 /* Resources */ = {
			isa = PBXResourcesBuildPhase;
			buildActionMask = 2147483647;
			files = (
				6FB42AD220CAE118001289F0 /* LaunchScreen.storyboard in Resources */,
				6FC0952220CAEC7400B8C6E4 /* Default-568h@2x.png in Resources */,
				6FB42ACF20CAE118001289F0 /* Assets.xcassets in Resources */,
				6FB42ACD20CAE116001289F0 /* Main.storyboard in Resources */,
			);
			runOnlyForDeploymentPostprocessing = 0;
		};
/* End PBXResourcesBuildPhase section */

/* Begin PBXSourcesBuildPhase section */
		6FB42AC020CAE116001289F0 /* Sources */ = {
			isa = PBXSourcesBuildPhase;
			buildActionMask = 2147483647;
			files = (
				6FC0952420CAECAE00B8C6E4 /* SetCardGame.swift in Sources */,
				6FC0952020CAE4E800B8C6E4 /* SetCard.swift in Sources */,
				6FB42ACA20CAE116001289F0 /* SetViewController.swift in Sources */,
				6FFE643220EFC17D00C53349 /* Grid.swift in Sources */,
				6FFE643420EFC21200C53349 /* CardView.swift in Sources */,
				6FB42AC820CAE116001289F0 /* AppDelegate.swift in Sources */,
			);
			runOnlyForDeploymentPostprocessing = 0;
		};
/* End PBXSourcesBuildPhase section */

/* Begin PBXVariantGroup section */
		6FB42ACB20CAE116001289F0 /* Main.storyboard */ = {
			isa = PBXVariantGroup;
			children = (
				6FB42ACC20CAE116001289F0 /* Base */,
			);
			name = Main.storyboard;
			sourceTree = "<group>";
		};
		6FB42AD020CAE118001289F0 /* LaunchScreen.storyboard */ = {
			isa = PBXVariantGroup;
			children = (
				6FB42AD120CAE118001289F0 /* Base */,
			);
			name = LaunchScreen.storyboard;
			sourceTree = "<group>";
		};
/* End PBXVariantGroup section */

/* Begin XCBuildConfiguration section */
		6FB42AD420CAE118001289F0 /* Debug */ = {
			isa = XCBuildConfiguration;
			buildSettings = {
				ALWAYS_SEARCH_USER_PATHS = NO;
				CLANG_ANALYZER_NONNULL = YES;
				CLANG_ANALYZER_NUMBER_OBJECT_CONVERSION = YES_AGGRESSIVE;
				CLANG_CXX_LANGUAGE_STANDARD = "gnu++14";
				CLANG_CXX_LIBRARY = "libc++";
				CLANG_ENABLE_MODULES = YES;
				CLANG_ENABLE_OBJC_ARC = YES;
				CLANG_ENABLE_OBJC_WEAK = YES;
				CLANG_WARN_BLOCK_CAPTURE_AUTORELEASING = YES;
				CLANG_WARN_BOOL_CONVERSION = YES;
				CLANG_WARN_COMMA = YES;
				CLANG_WARN_CONSTANT_CONVERSION = YES;
				CLANG_WARN_DEPRECATED_OBJC_IMPLEMENTATIONS = YES;
				CLANG_WARN_DIRECT_OBJC_ISA_USAGE = YES_ERROR;
				CLANG_WARN_DOCUMENTATION_COMMENTS = YES;
				CLANG_WARN_EMPTY_BODY = YES;
				CLANG_WARN_ENUM_CONVERSION = YES;
				CLANG_WARN_INFINITE_RECURSION = YES;
				CLANG_WARN_INT_CONVERSION = YES;
				CLANG_WARN_NON_LITERAL_NULL_CONVERSION = YES;
				CLANG_WARN_OBJC_IMPLICIT_RETAIN_SELF = YES;
				CLANG_WARN_OBJC_LITERAL_CONVERSION = YES;
				CLANG_WARN_OBJC_ROOT_CLASS = YES_ERROR;
				CLANG_WARN_RANGE_LOOP_ANALYSIS = YES;
				CLANG_WARN_STRICT_PROTOTYPES = YES;
				CLANG_WARN_SUSPICIOUS_MOVE = YES;
				CLANG_WARN_UNGUARDED_AVAILABILITY = YES_AGGRESSIVE;
				CLANG_WARN_UNREACHABLE_CODE = YES;
				CLANG_WARN__DUPLICATE_METHOD_MATCH = YES;
				CODE_SIGN_IDENTITY = "iPhone Developer";
				COPY_PHASE_STRIP = NO;
				DEBUG_INFORMATION_FORMAT = dwarf;
				ENABLE_STRICT_OBJC_MSGSEND = YES;
				ENABLE_TESTABILITY = YES;
				GCC_C_LANGUAGE_STANDARD = gnu11;
				GCC_DYNAMIC_NO_PIC = NO;
				GCC_NO_COMMON_BLOCKS = YES;
				GCC_OPTIMIZATION_LEVEL = 0;
				GCC_PREPROCESSOR_DEFINITIONS = (
					"DEBUG=1",
					"$(inherited)",
				);
				GCC_WARN_64_TO_32_BIT_CONVERSION = YES;
				GCC_WARN_ABOUT_RETURN_TYPE = YES_ERROR;
				GCC_WARN_UNDECLARED_SELECTOR = YES;
				GCC_WARN_UNINITIALIZED_AUTOS = YES_AGGRESSIVE;
				GCC_WARN_UNUSED_FUNCTION = YES;
				GCC_WARN_UNUSED_VARIABLE = YES;
				IPHONEOS_DEPLOYMENT_TARGET = 11.4;
				MTL_ENABLE_DEBUG_INFO = YES;
				ONLY_ACTIVE_ARCH = YES;
				SDKROOT = iphoneos;
				SWIFT_ACTIVE_COMPILATION_CONDITIONS = DEBUG;
				SWIFT_OPTIMIZATION_LEVEL = "-Onone";
			};
			name = Debug;
		};
		6FB42AD520CAE118001289F0 /* Release */ = {
			isa = XCBuildConfiguration;
			buildSettings = {
				ALWAYS_SEARCH_USER_PATHS = NO;
				CLANG_ANALYZER_NONNULL = YES;
				CLANG_ANALYZER_NUMBER_OBJECT_CONVERSION = YES_AGGRESSIVE;
				CLANG_CXX_LANGUAGE_STANDARD = "gnu++14";
				CLANG_CXX_LIBRARY = "libc++";
				CLANG_ENABLE_MODULES = YES;
				CLANG_ENABLE_OBJC_ARC = YES;
				CLANG_ENABLE_OBJC_WEAK = YES;
				CLANG_WARN_BLOCK_CAPTURE_AUTORELEASING = YES;
				CLANG_WARN_BOOL_CONVERSION = YES;
				CLANG_WARN_COMMA = YES;
				CLANG_WARN_CONSTANT_CONVERSION = YES;
				CLANG_WARN_DEPRECATED_OBJC_IMPLEMENTATIONS = YES;
				CLANG_WARN_DIRECT_OBJC_ISA_USAGE = YES_ERROR;
				CLANG_WARN_DOCUMENTATION_COMMENTS = YES;
				CLANG_WARN_EMPTY_BODY = YES;
				CLANG_WARN_ENUM_CONVERSION = YES;
				CLANG_WARN_INFINITE_RECURSION = YES;
				CLANG_WARN_INT_CONVERSION = YES;
				CLANG_WARN_NON_LITERAL_NULL_CONVERSION = YES;
				CLANG_WARN_OBJC_IMPLICIT_RETAIN_SELF = YES;
				CLANG_WARN_OBJC_LITERAL_CONVERSION = YES;
				CLANG_WARN_OBJC_ROOT_CLASS = YES_ERROR;
				CLANG_WARN_RANGE_LOOP_ANALYSIS = YES;
				CLANG_WARN_STRICT_PROTOTYPES = YES;
				CLANG_WARN_SUSPICIOUS_MOVE = YES;
				CLANG_WARN_UNGUARDED_AVAILABILITY = YES_AGGRESSIVE;
				CLANG_WARN_UNREACHABLE_CODE = YES;
				CLANG_WARN__DUPLICATE_METHOD_MATCH = YES;
				CODE_SIGN_IDENTITY = "iPhone Developer";
				COPY_PHASE_STRIP = NO;
				DEBUG_INFORMATION_FORMAT = "dwarf-with-dsym";
				ENABLE_NS_ASSERTIONS = NO;
				ENABLE_STRICT_OBJC_MSGSEND = YES;
				GCC_C_LANGUAGE_STANDARD = gnu11;
				GCC_NO_COMMON_BLOCKS = YES;
				GCC_WARN_64_TO_32_BIT_CONVERSION = YES;
				GCC_WARN_ABOUT_RETURN_TYPE = YES_ERROR;
				GCC_WARN_UNDECLARED_SELECTOR = YES;
				GCC_WARN_UNINITIALIZED_AUTOS = YES_AGGRESSIVE;
				GCC_WARN_UNUSED_FUNCTION = YES;
				GCC_WARN_UNUSED_VARIABLE = YES;
				IPHONEOS_DEPLOYMENT_TARGET = 11.4;
				MTL_ENABLE_DEBUG_INFO = NO;
				SDKROOT = iphoneos;
				SWIFT_COMPILATION_MODE = wholemodule;
				SWIFT_OPTIMIZATION_LEVEL = "-O";
				VALIDATE_PRODUCT = YES;
			};
			name = Release;
		};
		6FB42AD720CAE118001289F0 /* Debug */ = {
			isa = XCBuildConfiguration;
			buildSettings = {
				ASSETCATALOG_COMPILER_APPICON_NAME = AppIcon;
				CODE_SIGN_STYLE = Automatic;
				DEVELOPMENT_TEAM = KEKRBGN226;
				INFOPLIST_FILE = Set/Info.plist;
				LD_RUNPATH_SEARCH_PATHS = (
					"$(inherited)",
					"@executable_path/Frameworks",
				);
				PRODUCT_BUNDLE_IDENTIFIER = "com.bfk-engineering.Set";
				PRODUCT_NAME = "$(TARGET_NAME)";
				SWIFT_VERSION = 4.2;
				TARGETED_DEVICE_FAMILY = "1,2";
			};
			name = Debug;
		};
		6FB42AD820CAE118001289F0 /* Release */ = {
			isa = XCBuildConfiguration;
			buildSettings = {
				ASSETCATALOG_COMPILER_APPICON_NAME = AppIcon;
				CODE_SIGN_STYLE = Automatic;
				DEVELOPMENT_TEAM = KEKRBGN226;
				INFOPLIST_FILE = Set/Info.plist;
				LD_RUNPATH_SEARCH_PATHS = (
					"$(inherited)",
					"@executable_path/Frameworks",
				);
				PRODUCT_BUNDLE_IDENTIFIER = "com.bfk-engineering.Set";
				PRODUCT_NAME = "$(TARGET_NAME)";
				SWIFT_VERSION = 4.2;
				TARGETED_DEVICE_FAMILY = "1,2";
			};
			name = Release;
		};
/* End XCBuildConfiguration section */

/* Begin XCConfigurationList section */
		6FB42ABF20CAE116001289F0 /* Build configuration list for PBXProject "Set" */ = {
			isa = XCConfigurationList;
			buildConfigurations = (
				6FB42AD420CAE118001289F0 /* Debug */,
				6FB42AD520CAE118001289F0 /* Release */,
			);
			defaultConfigurationIsVisible = 0;
			defaultConfigurationName = Release;
		};
		6FB42AD620CAE118001289F0 /* Build configuration list for PBXNativeTarget "Set" */ = {
			isa = XCConfigurationList;
			buildConfigurations = (
				6FB42AD720CAE118001289F0 /* Debug */,
				6FB42AD820CAE118001289F0 /* Release */,
			);
			defaultConfigurationIsVisible = 0;
			defaultConfigurationName = Release;
		};
/* End XCConfigurationList section */
	};
	rootObject = 6FB42ABC20CAE116001289F0 /* Project object */;
}
